// !$*UTF8*$!
{
	archiveVersion = 1;
	classes = {
	};
	objectVersion = 51;
	objects = {

/* Begin PBXBuildFile section */
		8CE7323073215EBDF3EE6120 /* Pods_FinalProject.framework in Frameworks */ = {isa = PBXBuildFile; fileRef = F0BDD92D9C301945ADBA6895 /* Pods_FinalProject.framework */; };
		FF4C6A65238F4297005FB6B6 /* GoogleService-Info.plist in Resources */ = {isa = PBXBuildFile; fileRef = FF4C6A64238F4297005FB6B6 /* GoogleService-Info.plist */; };
		FF4C6A67238F4923005FB6B6 /* EntryViewController.swift in Sources */ = {isa = PBXBuildFile; fileRef = FF4C6A66238F4923005FB6B6 /* EntryViewController.swift */; };
		FF6FFFEA23983B7C0025E337 /* DateValueFormatter.swift in Sources */ = {isa = PBXBuildFile; fileRef = FF6FFFE923983B7B0025E337 /* DateValueFormatter.swift */; };
		FFA22B672399AFFA0098C67D /* EntryDetailsViewController.swift in Sources */ = {isa = PBXBuildFile; fileRef = FFA22B662399AFF90098C67D /* EntryDetailsViewController.swift */; };
		FFDAF67523943503003BE629 /* AddExerciseViewController.swift in Sources */ = {isa = PBXBuildFile; fileRef = FFDAF67423943503003BE629 /* AddExerciseViewController.swift */; };
		FFDD151C238B8B8C004717D9 /* AppDelegate.swift in Sources */ = {isa = PBXBuildFile; fileRef = FFDD151B238B8B8C004717D9 /* AppDelegate.swift */; };
		FFDD151E238B8B8C004717D9 /* SceneDelegate.swift in Sources */ = {isa = PBXBuildFile; fileRef = FFDD151D238B8B8C004717D9 /* SceneDelegate.swift */; };
		FFDD1523238B8B8C004717D9 /* Main.storyboard in Resources */ = {isa = PBXBuildFile; fileRef = FFDD1521238B8B8C004717D9 /* Main.storyboard */; };
		FFDD1525238B8B8F004717D9 /* Assets.xcassets in Resources */ = {isa = PBXBuildFile; fileRef = FFDD1524238B8B8F004717D9 /* Assets.xcassets */; };
		FFDD1528238B8B8F004717D9 /* LaunchScreen.storyboard in Resources */ = {isa = PBXBuildFile; fileRef = FFDD1526238B8B8F004717D9 /* LaunchScreen.storyboard */; };
		FFDD1530238B8C5E004717D9 /* ExerciseTableViewController.swift in Sources */ = {isa = PBXBuildFile; fileRef = FFDD152F238B8C5E004717D9 /* ExerciseTableViewController.swift */; };
		FFDD1532238B92DF004717D9 /* ExerciseDetailsTableViewController.swift in Sources */ = {isa = PBXBuildFile; fileRef = FFDD1531238B92DF004717D9 /* ExerciseDetailsTableViewController.swift */; };
/* End PBXBuildFile section */

/* Begin PBXFileReference section */
		11CA7FF35C31222A89738C66 /* Pods-FinalProject.release.xcconfig */ = {isa = PBXFileReference; includeInIndex = 1; lastKnownFileType = text.xcconfig; name = "Pods-FinalProject.release.xcconfig"; path = "Target Support Files/Pods-FinalProject/Pods-FinalProject.release.xcconfig"; sourceTree = "<group>"; };
		5A4D63378FCF51BF82B9DF09 /* Pods-FinalProject.debug.xcconfig */ = {isa = PBXFileReference; includeInIndex = 1; lastKnownFileType = text.xcconfig; name = "Pods-FinalProject.debug.xcconfig"; path = "Target Support Files/Pods-FinalProject/Pods-FinalProject.debug.xcconfig"; sourceTree = "<group>"; };
		F0BDD92D9C301945ADBA6895 /* Pods_FinalProject.framework */ = {isa = PBXFileReference; explicitFileType = wrapper.framework; includeInIndex = 0; path = Pods_FinalProject.framework; sourceTree = BUILT_PRODUCTS_DIR; };
		FF4C6A64238F4297005FB6B6 /* GoogleService-Info.plist */ = {isa = PBXFileReference; fileEncoding = 4; lastKnownFileType = text.plist.xml; path = "GoogleService-Info.plist"; sourceTree = "<group>"; };
		FF4C6A66238F4923005FB6B6 /* EntryViewController.swift */ = {isa = PBXFileReference; lastKnownFileType = sourcecode.swift; path = EntryViewController.swift; sourceTree = "<group>"; };
		FF6FFFE923983B7B0025E337 /* DateValueFormatter.swift */ = {isa = PBXFileReference; lastKnownFileType = sourcecode.swift; path = DateValueFormatter.swift; sourceTree = "<group>"; };
		FFA22B662399AFF90098C67D /* EntryDetailsViewController.swift */ = {isa = PBXFileReference; lastKnownFileType = sourcecode.swift; path = EntryDetailsViewController.swift; sourceTree = "<group>"; };
		FFDAF67423943503003BE629 /* AddExerciseViewController.swift */ = {isa = PBXFileReference; lastKnownFileType = sourcecode.swift; path = AddExerciseViewController.swift; sourceTree = "<group>"; };
		FFDD1518238B8B8C004717D9 /* FinalProject.app */ = {isa = PBXFileReference; explicitFileType = wrapper.application; includeInIndex = 0; path = FinalProject.app; sourceTree = BUILT_PRODUCTS_DIR; };
		FFDD151B238B8B8C004717D9 /* AppDelegate.swift */ = {isa = PBXFileReference; lastKnownFileType = sourcecode.swift; path = AppDelegate.swift; sourceTree = "<group>"; };
		FFDD151D238B8B8C004717D9 /* SceneDelegate.swift */ = {isa = PBXFileReference; lastKnownFileType = sourcecode.swift; path = SceneDelegate.swift; sourceTree = "<group>"; };
		FFDD1522238B8B8C004717D9 /* Base */ = {isa = PBXFileReference; lastKnownFileType = file.storyboard; name = Base; path = Base.lproj/Main.storyboard; sourceTree = "<group>"; };
		FFDD1524238B8B8F004717D9 /* Assets.xcassets */ = {isa = PBXFileReference; lastKnownFileType = folder.assetcatalog; path = Assets.xcassets; sourceTree = "<group>"; };
		FFDD1527238B8B8F004717D9 /* Base */ = {isa = PBXFileReference; lastKnownFileType = file.storyboard; name = Base; path = Base.lproj/LaunchScreen.storyboard; sourceTree = "<group>"; };
		FFDD1529238B8B8F004717D9 /* Info.plist */ = {isa = PBXFileReference; lastKnownFileType = text.plist.xml; path = Info.plist; sourceTree = "<group>"; };
		FFDD152F238B8C5E004717D9 /* ExerciseTableViewController.swift */ = {isa = PBXFileReference; lastKnownFileType = sourcecode.swift; path = ExerciseTableViewController.swift; sourceTree = "<group>"; };
		FFDD1531238B92DF004717D9 /* ExerciseDetailsTableViewController.swift */ = {isa = PBXFileReference; lastKnownFileType = sourcecode.swift; path = ExerciseDetailsTableViewController.swift; sourceTree = "<group>"; };
/* End PBXFileReference section */

/* Begin PBXFrameworksBuildPhase section */
		FFDD1515238B8B8C004717D9 /* Frameworks */ = {
			isa = PBXFrameworksBuildPhase;
			buildActionMask = 2147483647;
			files = (
				8CE7323073215EBDF3EE6120 /* Pods_FinalProject.framework in Frameworks */,
			);
			runOnlyForDeploymentPostprocessing = 0;
		};
/* End PBXFrameworksBuildPhase section */

/* Begin PBXGroup section */
		07605645F3ED9BD649ECB8EE /* Pods */ = {
			isa = PBXGroup;
			children = (
				5A4D63378FCF51BF82B9DF09 /* Pods-FinalProject.debug.xcconfig */,
				11CA7FF35C31222A89738C66 /* Pods-FinalProject.release.xcconfig */,
			);
			path = Pods;
			sourceTree = "<group>";
		};
		73E27B1C896A3F0F4AD66397 /* Frameworks */ = {
			isa = PBXGroup;
			children = (
				F0BDD92D9C301945ADBA6895 /* Pods_FinalProject.framework */,
			);
			name = Frameworks;
			sourceTree = "<group>";
		};
		FFDD150F238B8B8C004717D9 = {
			isa = PBXGroup;
			children = (
				FFDD151A238B8B8C004717D9 /* FinalProject */,
				FFDD1519238B8B8C004717D9 /* Products */,
				07605645F3ED9BD649ECB8EE /* Pods */,
				73E27B1C896A3F0F4AD66397 /* Frameworks */,
			);
			sourceTree = "<group>";
		};
		FFDD1519238B8B8C004717D9 /* Products */ = {
			isa = PBXGroup;
			children = (
				FFDD1518238B8B8C004717D9 /* FinalProject.app */,
			);
			name = Products;
			sourceTree = "<group>";
		};
		FFDD151A238B8B8C004717D9 /* FinalProject */ = {
			isa = PBXGroup;
			children = (
				FFDD151B238B8B8C004717D9 /* AppDelegate.swift */,
				FFDD151D238B8B8C004717D9 /* SceneDelegate.swift */,
				FFDD1521238B8B8C004717D9 /* Main.storyboard */,
				FFA22B662399AFF90098C67D /* EntryDetailsViewController.swift */,
				FFDAF67423943503003BE629 /* AddExerciseViewController.swift */,
				FFDD1531238B92DF004717D9 /* ExerciseDetailsTableViewController.swift */,
				FF6FFFE923983B7B0025E337 /* DateValueFormatter.swift */,
				FF4C6A66238F4923005FB6B6 /* EntryViewController.swift */,
				FFDD152F238B8C5E004717D9 /* ExerciseTableViewController.swift */,
				FFDD1524238B8B8F004717D9 /* Assets.xcassets */,
				FFDD1526238B8B8F004717D9 /* LaunchScreen.storyboard */,
				FFDD1529238B8B8F004717D9 /* Info.plist */,
				FF4C6A64238F4297005FB6B6 /* GoogleService-Info.plist */,
			);
			path = FinalProject;
			sourceTree = "<group>";
		};
/* End PBXGroup section */

/* Begin PBXNativeTarget section */
		FFDD1517238B8B8C004717D9 /* FinalProject */ = {
			isa = PBXNativeTarget;
			buildConfigurationList = FFDD152C238B8B8F004717D9 /* Build configuration list for PBXNativeTarget "FinalProject" */;
			buildPhases = (
				467C9638F2037CFDFFB7AEAE /* [CP] Check Pods Manifest.lock */,
				FFDD1514238B8B8C004717D9 /* Sources */,
				FFDD1515238B8B8C004717D9 /* Frameworks */,
				FFDD1516238B8B8C004717D9 /* Resources */,
				E62337413B600608EA78B9CE /* [CP] Embed Pods Frameworks */,
			);
			buildRules = (
			);
			dependencies = (
			);
			name = FinalProject;
			productName = FinalProject;
			productReference = FFDD1518238B8B8C004717D9 /* FinalProject.app */;
			productType = "com.apple.product-type.application";
		};
/* End PBXNativeTarget section */

/* Begin PBXProject section */
		FFDD1510238B8B8C004717D9 /* Project object */ = {
			isa = PBXProject;
			attributes = {
				LastSwiftUpdateCheck = 1120;
				LastUpgradeCheck = 1120;
				ORGANIZATIONNAME = "Chloe Prezelski";
				TargetAttributes = {
					FFDD1517238B8B8C004717D9 = {
						CreatedOnToolsVersion = 11.2.1;
					};
				};
			};
			buildConfigurationList = FFDD1513238B8B8C004717D9 /* Build configuration list for PBXProject "FinalProject" */;
			compatibilityVersion = "Xcode 9.3";
			developmentRegion = en;
			hasScannedForEncodings = 0;
			knownRegions = (
				en,
				Base,
			);
			mainGroup = FFDD150F238B8B8C004717D9;
			productRefGroup = FFDD1519238B8B8C004717D9 /* Products */;
			projectDirPath = "";
			projectRoot = "";
			targets = (
				FFDD1517238B8B8C004717D9 /* FinalProject */,
			);
		};
/* End PBXProject section */

/* Begin PBXResourcesBuildPhase section */
		FFDD1516238B8B8C004717D9 /* Resources */ = {
			isa = PBXResourcesBuildPhase;
			buildActionMask = 2147483647;
			files = (
				FFDD1528238B8B8F004717D9 /* LaunchScreen.storyboard in Resources */,
				FF4C6A65238F4297005FB6B6 /* GoogleService-Info.plist in Resources */,
				FFDD1525238B8B8F004717D9 /* Assets.xcassets in Resources */,
				FFDD1523238B8B8C004717D9 /* Main.storyboard in Resources */,
			);
			runOnlyForDeploymentPostprocessing = 0;
		};
/* End PBXResourcesBuildPhase section */

/* Begin PBXShellScriptBuildPhase section */
		467C9638F2037CFDFFB7AEAE /* [CP] Check Pods Manifest.lock */ = {
			isa = PBXShellScriptBuildPhase;
			buildActionMask = 2147483647;
			files = (
			);
			inputFileListPaths = (
			);
			inputPaths = (
				"${PODS_PODFILE_DIR_PATH}/Podfile.lock",
				"${PODS_ROOT}/Manifest.lock",
			);
			name = "[CP] Check Pods Manifest.lock";
			outputFileListPaths = (
			);
			outputPaths = (
				"$(DERIVED_FILE_DIR)/Pods-FinalProject-checkManifestLockResult.txt",
			);
			runOnlyForDeploymentPostprocessing = 0;
			shellPath = /bin/sh;
			shellScript = "diff \"${PODS_PODFILE_DIR_PATH}/Podfile.lock\" \"${PODS_ROOT}/Manifest.lock\" > /dev/null\nif [ $? != 0 ] ; then\n    # print error to STDERR\n    echo \"error: The sandbox is not in sync with the Podfile.lock. Run 'pod install' or update your CocoaPods installation.\" >&2\n    exit 1\nfi\n# This output is used by Xcode 'outputs' to avoid re-running this script phase.\necho \"SUCCESS\" > \"${SCRIPT_OUTPUT_FILE_0}\"\n";
			showEnvVarsInLog = 0;
		};
		E62337413B600608EA78B9CE /* [CP] Embed Pods Frameworks */ = {
			isa = PBXShellScriptBuildPhase;
			buildActionMask = 2147483647;
			files = (
			);
			inputFileListPaths = (
				"${PODS_ROOT}/Target Support Files/Pods-FinalProject/Pods-FinalProject-frameworks-${CONFIGURATION}-input-files.xcfilelist",
			);
			name = "[CP] Embed Pods Frameworks";
			outputFileListPaths = (
				"${PODS_ROOT}/Target Support Files/Pods-FinalProject/Pods-FinalProject-frameworks-${CONFIGURATION}-output-files.xcfilelist",
			);
			runOnlyForDeploymentPostprocessing = 0;
			shellPath = /bin/sh;
			shellScript = "\"${PODS_ROOT}/Target Support Files/Pods-FinalProject/Pods-FinalProject-frameworks.sh\"\n";
			showEnvVarsInLog = 0;
		};
/* End PBXShellScriptBuildPhase section */

/* Begin PBXSourcesBuildPhase section */
		FFDD1514238B8B8C004717D9 /* Sources */ = {
			isa = PBXSourcesBuildPhase;
			buildActionMask = 2147483647;
			files = (
				FF6FFFEA23983B7C0025E337 /* DateValueFormatter.swift in Sources */,
				FFDAF67523943503003BE629 /* AddExerciseViewController.swift in Sources */,
				FFDD1532238B92DF004717D9 /* ExerciseDetailsTableViewController.swift in Sources */,
				FF4C6A67238F4923005FB6B6 /* EntryViewController.swift in Sources */,
				FFA22B672399AFFA0098C67D /* EntryDetailsViewController.swift in Sources */,
				FFDD1530238B8C5E004717D9 /* ExerciseTableViewController.swift in Sources */,
				FFDD151C238B8B8C004717D9 /* AppDelegate.swift in Sources */,
				FFDD151E238B8B8C004717D9 /* SceneDelegate.swift in Sources */,
			);
			runOnlyForDeploymentPostprocessing = 0;
		};
/* End PBXSourcesBuildPhase section */

/* Begin PBXVariantGroup section */
		FFDD1521238B8B8C004717D9 /* Main.storyboard */ = {
			isa = PBXVariantGroup;
			children = (
				FFDD1522238B8B8C004717D9 /* Base */,
			);
			name = Main.storyboard;
			sourceTree = "<group>";
		};
		FFDD1526238B8B8F004717D9 /* LaunchScreen.storyboard */ = {
			isa = PBXVariantGroup;
			children = (
				FFDD1527238B8B8F004717D9 /* Base */,
			);
			name = LaunchScreen.storyboard;
			sourceTree = "<group>";
		};
/* End PBXVariantGroup section */

/* Begin XCBuildConfiguration section */
		FFDD152A238B8B8F004717D9 /* Debug */ = {
			isa = XCBuildConfiguration;
			buildSettings = {
				ALWAYS_SEARCH_USER_PATHS = NO;
				CLANG_ANALYZER_NONNULL = YES;
				CLANG_ANALYZER_NUMBER_OBJECT_CONVERSION = YES_AGGRESSIVE;
				CLANG_CXX_LANGUAGE_STANDARD = "gnu++14";
				CLANG_CXX_LIBRARY = "libc++";
				CLANG_ENABLE_MODULES = YES;
				CLANG_ENABLE_OBJC_ARC = YES;
				CLANG_ENABLE_OBJC_WEAK = YES;
				CLANG_WARN_BLOCK_CAPTURE_AUTORELEASING = YES;
				CLANG_WARN_BOOL_CONVERSION = YES;
				CLANG_WARN_COMMA = YES;
				CLANG_WARN_CONSTANT_CONVERSION = YES;
				CLANG_WARN_DEPRECATED_OBJC_IMPLEMENTATIONS = YES;
				CLANG_WARN_DIRECT_OBJC_ISA_USAGE = YES_ERROR;
				CLANG_WARN_DOCUMENTATION_COMMENTS = YES;
				CLANG_WARN_EMPTY_BODY = YES;
				CLANG_WARN_ENUM_CONVERSION = YES;
				CLANG_WARN_INFINITE_RECURSION = YES;
				CLANG_WARN_INT_CONVERSION = YES;
				CLANG_WARN_NON_LITERAL_NULL_CONVERSION = YES;
				CLANG_WARN_OBJC_IMPLICIT_RETAIN_SELF = YES;
				CLANG_WARN_OBJC_LITERAL_CONVERSION = YES;
				CLANG_WARN_OBJC_ROOT_CLASS = YES_ERROR;
				CLANG_WARN_RANGE_LOOP_ANALYSIS = YES;
				CLANG_WARN_STRICT_PROTOTYPES = YES;
				CLANG_WARN_SUSPICIOUS_MOVE = YES;
				CLANG_WARN_UNGUARDED_AVAILABILITY = YES_AGGRESSIVE;
				CLANG_WARN_UNREACHABLE_CODE = YES;
				CLANG_WARN__DUPLICATE_METHOD_MATCH = YES;
				COPY_PHASE_STRIP = NO;
				DEBUG_INFORMATION_FORMAT = dwarf;
				ENABLE_STRICT_OBJC_MSGSEND = YES;
				ENABLE_TESTABILITY = YES;
				GCC_C_LANGUAGE_STANDARD = gnu11;
				GCC_DYNAMIC_NO_PIC = NO;
				GCC_NO_COMMON_BLOCKS = YES;
				GCC_OPTIMIZATION_LEVEL = 0;
				GCC_PREPROCESSOR_DEFINITIONS = (
					"DEBUG=1",
					"$(inherited)",
				);
				GCC_WARN_64_TO_32_BIT_CONVERSION = YES;
				GCC_WARN_ABOUT_RETURN_TYPE = YES_ERROR;
				GCC_WARN_UNDECLARED_SELECTOR = YES;
				GCC_WARN_UNINITIALIZED_AUTOS = YES_AGGRESSIVE;
				GCC_WARN_UNUSED_FUNCTION = YES;
				GCC_WARN_UNUSED_VARIABLE = YES;
				IPHONEOS_DEPLOYMENT_TARGET = 13.2;
				MTL_ENABLE_DEBUG_INFO = INCLUDE_SOURCE;
				MTL_FAST_MATH = YES;
				ONLY_ACTIVE_ARCH = YES;
				SDKROOT = iphoneos;
				SWIFT_ACTIVE_COMPILATION_CONDITIONS = DEBUG;
				SWIFT_OPTIMIZATION_LEVEL = "-Onone";
			};
			name = Debug;
		};
		FFDD152B238B8B8F004717D9 /* Release */ = {
			isa = XCBuildConfiguration;
			buildSettings = {
				ALWAYS_SEARCH_USER_PATHS = NO;
				CLANG_ANALYZER_NONNULL = YES;
				CLANG_ANALYZER_NUMBER_OBJECT_CONVERSION = YES_AGGRESSIVE;
				CLANG_CXX_LANGUAGE_STANDARD = "gnu++14";
				CLANG_CXX_LIBRARY = "libc++";
				CLANG_ENABLE_MODULES = YES;
				CLANG_ENABLE_OBJC_ARC = YES;
				CLANG_ENABLE_OBJC_WEAK = YES;
				CLANG_WARN_BLOCK_CAPTURE_AUTORELEASING = YES;
				CLANG_WARN_BOOL_CONVERSION = YES;
				CLANG_WARN_COMMA = YES;
				CLANG_WARN_CONSTANT_CONVERSION = YES;
				CLANG_WARN_DEPRECATED_OBJC_IMPLEMENTATIONS = YES;
				CLANG_WARN_DIRECT_OBJC_ISA_USAGE = YES_ERROR;
				CLANG_WARN_DOCUMENTATION_COMMENTS = YES;
				CLANG_WARN_EMPTY_BODY = YES;
				CLANG_WARN_ENUM_CONVERSION = YES;
				CLANG_WARN_INFINITE_RECURSION = YES;
				CLANG_WARN_INT_CONVERSION = YES;
				CLANG_WARN_NON_LITERAL_NULL_CONVERSION = YES;
				CLANG_WARN_OBJC_IMPLICIT_RETAIN_SELF = YES;
				CLANG_WARN_OBJC_LITERAL_CONVERSION = YES;
				CLANG_WARN_OBJC_ROOT_CLASS = YES_ERROR;
				CLANG_WARN_RANGE_LOOP_ANALYSIS = YES;
				CLANG_WARN_STRICT_PROTOTYPES = YES;
				CLANG_WARN_SUSPICIOUS_MOVE = YES;
				CLANG_WARN_UNGUARDED_AVAILABILITY = YES_AGGRESSIVE;
				CLANG_WARN_UNREACHABLE_CODE = YES;
				CLANG_WARN__DUPLICATE_METHOD_MATCH = YES;
				COPY_PHASE_STRIP = NO;
				DEBUG_INFORMATION_FORMAT = "dwarf-with-dsym";
				ENABLE_NS_ASSERTIONS = NO;
				ENABLE_STRICT_OBJC_MSGSEND = YES;
				GCC_C_LANGUAGE_STANDARD = gnu11;
				GCC_NO_COMMON_BLOCKS = YES;
				GCC_WARN_64_TO_32_BIT_CONVERSION = YES;
				GCC_WARN_ABOUT_RETURN_TYPE = YES_ERROR;
				GCC_WARN_UNDECLARED_SELECTOR = YES;
				GCC_WARN_UNINITIALIZED_AUTOS = YES_AGGRESSIVE;
				GCC_WARN_UNUSED_FUNCTION = YES;
				GCC_WARN_UNUSED_VARIABLE = YES;
				IPHONEOS_DEPLOYMENT_TARGET = 13.2;
				MTL_ENABLE_DEBUG_INFO = NO;
				MTL_FAST_MATH = YES;
				SDKROOT = iphoneos;
				SWIFT_COMPILATION_MODE = wholemodule;
				SWIFT_OPTIMIZATION_LEVEL = "-O";
				VALIDATE_PRODUCT = YES;
			};
			name = Release;
		};
		FFDD152D238B8B8F004717D9 /* Debug */ = {
			isa = XCBuildConfiguration;
			baseConfigurationReference = 5A4D63378FCF51BF82B9DF09 /* Pods-FinalProject.debug.xcconfig */;
			buildSettings = {
				ASSETCATALOG_COMPILER_APPICON_NAME = AppIcon;
				CODE_SIGN_STYLE = Automatic;
				DEVELOPMENT_TEAM = FGM59UCB86;
				INFOPLIST_FILE = FinalProject/Info.plist;
				LD_RUNPATH_SEARCH_PATHS = (
					"$(inherited)",
					"@executable_path/Frameworks",
				);
				PRODUCT_BUNDLE_IDENTIFIER = chloeprezelski.FinalProject;
				PRODUCT_NAME = "$(TARGET_NAME)";
				SWIFT_VERSION = 5.0;
				TARGETED_DEVICE_FAMILY = "1,2";
			};
			name = Debug;
		};
		FFDD152E238B8B8F004717D9 /* Release */ = {
			isa = XCBuildConfiguration;
			baseConfigurationReference = 11CA7FF35C31222A89738C66 /* Pods-FinalProject.release.xcconfig */;
			buildSettings = {
				ASSETCATALOG_COMPILER_APPICON_NAME = AppIcon;
				CODE_SIGN_STYLE = Automatic;
				DEVELOPMENT_TEAM = FGM59UCB86;
				INFOPLIST_FILE = FinalProject/Info.plist;
				LD_RUNPATH_SEARCH_PATHS = (
					"$(inherited)",
					"@executable_path/Frameworks",
				);
				PRODUCT_BUNDLE_IDENTIFIER = chloeprezelski.FinalProject;
				PRODUCT_NAME = "$(TARGET_NAME)";
				SWIFT_VERSION = 5.0;
				TARGETED_DEVICE_FAMILY = "1,2";
			};
			name = Release;
		};
/* End XCBuildConfiguration section */

/* Begin XCConfigurationList section */
		FFDD1513238B8B8C004717D9 /* Build configuration list for PBXProject "FinalProject" */ = {
			isa = XCConfigurationList;
			buildConfigurations = (
				FFDD152A238B8B8F004717D9 /* Debug */,
				FFDD152B238B8B8F004717D9 /* Release */,
			);
			defaultConfigurationIsVisible = 0;
			defaultConfigurationName = Release;
		};
		FFDD152C238B8B8F004717D9 /* Build configuration list for PBXNativeTarget "FinalProject" */ = {
			isa = XCConfigurationList;
			buildConfigurations = (
				FFDD152D238B8B8F004717D9 /* Debug */,
				FFDD152E238B8B8F004717D9 /* Release */,
			);
			defaultConfigurationIsVisible = 0;
			defaultConfigurationName = Release;
		};
/* End XCConfigurationList section */
	};
	rootObject = FFDD1510238B8B8C004717D9 /* Project object */;
}
